<?xml version="1.0" encoding="utf-8"?>
<Project ToolsVersion="4.0" xmlns="http://schemas.microsoft.com/developer/msbuild/2003">
  <ItemGroup>
    <Filter Include="ue">
      <UniqueIdentifier>{cba0e87a-7725-4fbc-852a-e49c67c0cf54}</UniqueIdentifier>
    </Filter>
    <Filter Include="settings">
      <UniqueIdentifier>{ade22a2e-c9d7-474f-85b4-d6ae11a5a684}</UniqueIdentifier>
    </Filter>
    <Filter Include="utils">
      <UniqueIdentifier>{fb1a82ea-1ead-4dab-bdb5-80ef90eb19c9}</UniqueIdentifier>
    </Filter>
    <Filter Include="menu">
      <UniqueIdentifier>{165791b0-7abe-4d0b-9a3a-f9c00f066876}</UniqueIdentifier>
    </Filter>
    <Filter Include="hook">
      <UniqueIdentifier>{9801e037-7e0f-4372-ac26-114361471f3a}</UniqueIdentifier>
    </Filter>
    <Filter Include="hook\functions">
      <UniqueIdentifier>{8f847682-7656-4f88-946c-1f9d0c174975}</UniqueIdentifier>
    </Filter>
    <Filter Include="discord">
      <UniqueIdentifier>{f288a2eb-1b81-401e-a5b6-140931ba6bfb}</UniqueIdentifier>
    </Filter>
    <Filter Include="scripting">
      <UniqueIdentifier>{f2659618-d54d-4744-bfb0-d89f547fa5c7}</UniqueIdentifier>
    </Filter>
    <Filter Include="menu\sections">
      <UniqueIdentifier>{f4b49e8e-b3f4-4f17-9cc1-efdab6535cc7}</UniqueIdentifier>
    </Filter>
    <Filter Include="scripting\modules">
      <UniqueIdentifier>{3bbda6fb-899a-4a39-b721-74e64b3e7eab}</UniqueIdentifier>
    </Filter>
    <Filter Include="menu\gui">
      <UniqueIdentifier>{fb868971-7f56-4e4a-8030-f66235e89b51}</UniqueIdentifier>
    </Filter>
    <Filter Include="external">
      <UniqueIdentifier>{4d7daf7f-431e-4684-a8bf-8c1622067c12}</UniqueIdentifier>
    </Filter>
    <Filter Include="external\imgui">
      <UniqueIdentifier>{f7ff5f05-9a07-406a-9465-6e356fc6c096}</UniqueIdentifier>
    </Filter>
    <Filter Include="external\minhook">
      <UniqueIdentifier>{7674bbc3-8dd0-453c-9bcb-331c23453a70}</UniqueIdentifier>
    </Filter>
  </ItemGroup>
  <ItemGroup>
    <ClInclude Include="ue\Engine.h">
      <Filter>ue</Filter>
    </ClInclude>
    <ClInclude Include="ue\UObjects.h">
      <Filter>ue</Filter>
    </ClInclude>
    <ClInclude Include="settings\Settings.h">
      <Filter>settings</Filter>
    </ClInclude>
    <ClInclude Include="utils\Util.h">
      <Filter>utils</Filter>
    </ClInclude>
    <ClInclude Include="utils\Logger.h">
      <Filter>utils</Filter>
    </ClInclude>
    <ClInclude Include="menu\Menu.h">
      <Filter>menu</Filter>
    </ClInclude>
    <ClInclude Include="hook\functions\PostRender.h">
      <Filter>hook\functions</Filter>
    </ClInclude>
    <ClInclude Include="hook\Hook.h">
      <Filter>hook</Filter>
    </ClInclude>
    <ClInclude Include="hook\Features.h">
      <Filter>hook</Filter>
    </ClInclude>
    <ClInclude Include="hook\functions\ProcessEvent.h">
      <Filter>hook\functions</Filter>
    </ClInclude>
    <ClInclude Include="discord\rpc.h">
      <Filter>discord</Filter>
    </ClInclude>
    <ClInclude Include="discord\handlers.h">
      <Filter>discord</Filter>
    </ClInclude>
    <ClInclude Include="scripting\Scripts.h">
      <Filter>scripting</Filter>
    </ClInclude>
    <ClInclude Include="menu\sections\Settings.h">
      <Filter>menu\sections</Filter>
    </ClInclude>
    <ClInclude Include="menu\sections\Misc.h">
      <Filter>menu\sections</Filter>
    </ClInclude>
    <ClInclude Include="menu\sections\Scripts.h">
      <Filter>menu\sections</Filter>
    </ClInclude>
    <ClInclude Include="menu\sections\Exploits.h">
      <Filter>menu\sections</Filter>
    </ClInclude>
    <ClInclude Include="menu\sections\Watermark.h">
      <Filter>menu\sections</Filter>
    </ClInclude>
    <ClInclude Include="scripting\modules\Logger.h">
      <Filter>scripting\modules</Filter>
    </ClInclude>
    <ClInclude Include="scripting\modules\Settings.h">
      <Filter>scripting\modules</Filter>
    </ClInclude>
    <ClInclude Include="utils\Globals.h">
      <Filter>utils</Filter>
    </ClInclude>
    <ClInclude Include="menu\sections\Debug.h">
      <Filter>menu\sections</Filter>
    </ClInclude>
    <ClInclude Include="utils\ExceptionHandler.h">
      <Filter>utils</Filter>
    </ClInclude>
    <ClInclude Include="menu\gui\Config.h">
      <Filter>menu\gui</Filter>
    </ClInclude>
    <ClInclude Include="menu\gui\Window.h">
      <Filter>menu\gui</Filter>
    </ClInclude>
    <ClInclude Include="menu\gui\Styles.h">
      <Filter>menu\gui</Filter>
    </ClInclude>
    <ClInclude Include="menu\gui\Gui.h">
      <Filter>menu\gui</Filter>
    </ClInclude>
    <ClInclude Include="external\minhook\include\buffer.h">
      <Filter>external\minhook</Filter>
    </ClInclude>
    <ClInclude Include="external\minhook\include\hde\hde64.h">
      <Filter>external\minhook</Filter>
    </ClInclude>
    <ClInclude Include="external\minhook\include\hde\hde32.h">
      <Filter>external\minhook</Filter>
    </ClInclude>
    <ClInclude Include="external\minhook\include\trampoline.h">
      <Filter>external\minhook</Filter>
    </ClInclude>
    <ClInclude Include="external\minhook\include\MinHook.h">
      <Filter>external\minhook</Filter>
    </ClInclude>
    <ClInclude Include="external\minhook\include\hde\pstdint.h">
      <Filter>external\minhook</Filter>
    </ClInclude>
    <ClInclude Include="external\minhook\include\hde\table32.h">
      <Filter>external\minhook</Filter>
    </ClInclude>
    <ClInclude Include="external\minhook\include\hde\table64.h">
      <Filter>external\minhook</Filter>
    </ClInclude>
    <ClInclude Include="external\imgui\include\imconfig.h">
      <Filter>external\imgui</Filter>
    </ClInclude>
    <ClInclude Include="external\imgui\include\imgui.h">
      <Filter>external\imgui</Filter>
    </ClInclude>
    <ClInclude Include="external\imgui\include\imgui_impl_dx11.h">
      <Filter>external\imgui</Filter>
    </ClInclude>
    <ClInclude Include="external\imgui\include\imgui_impl_win32.h">
      <Filter>external\imgui</Filter>
    </ClInclude>
    <ClInclude Include="external\imgui\include\imgui_internal.h">
      <Filter>external\imgui</Filter>
    </ClInclude>
    <ClInclude Include="external\imgui\include\imgui_stdlib.h">
      <Filter>external\imgui</Filter>
    </ClInclude>
    <ClInclude Include="external\imgui\include\imstb_textedit.h">
      <Filter>external\imgui</Filter>
    </ClInclude>
    <ClInclude Include="external\imgui\include\imstb_truetype.h">
      <Filter>external\imgui</Filter>
    </ClInclude>
    <ClInclude Include="external\imgui\include\imstb_rectpack.h">
      <Filter>external\imgui</Filter>
    </ClInclude>
    <ClInclude Include="menu\gui\Custom.h">
      <Filter>menu\gui</Filter>
    </ClInclude>
  </ItemGroup>
  <ItemGroup>
    <ClCompile Include="ue\Engine.cpp">
      <Filter>ue</Filter>
    </ClCompile>
    <ClCompile Include="settings\Settings.cpp">
      <Filter>settings</Filter>
    </ClCompile>
    <ClCompile Include="utils\Util.cpp">
      <Filter>utils</Filter>
    </ClCompile>
    <ClCompile Include="dllmain.cpp" />
    <ClCompile Include="external\minhook\include\buffer.c">
      <Filter>external\minhook</Filter>
    </ClCompile>
    <ClCompile Include="external\minhook\include\hook.c">
      <Filter>external\minhook</Filter>
    </ClCompile>
    <ClCompile Include="external\minhook\include\hde\hde32.c">
      <Filter>external\minhook</Filter>
    </ClCompile>
    <ClCompile Include="external\minhook\include\hde\hde64.c">
      <Filter>external\minhook</Filter>
    </ClCompile>
    <ClCompile Include="external\minhook\include\trampoline.c">
      <Filter>external\minhook</Filter>
    </ClCompile>
    <ClCompile Include="external\imgui\include\imgui.cpp">
      <Filter>external\imgui</Filter>
    </ClCompile>
    <ClCompile Include="external\imgui\include\imgui_demo.cpp">
      <Filter>external\imgui</Filter>
    </ClCompile>
    <ClCompile Include="external\imgui\include\imgui_draw.cpp">
      <Filter>external\imgui</Filter>
    </ClCompile>
    <ClCompile Include="external\imgui\include\imgui_impl_dx11.cpp">
      <Filter>external\imgui</Filter>
    </ClCompile>
    <ClCompile Include="external\imgui\include\imgui_impl_win32.cpp">
      <Filter>external\imgui</Filter>
    </ClCompile>
    <ClCompile Include="external\imgui\include\imgui_stdlib.cpp">
      <Filter>external\imgui</Filter>
    </ClCompile>
    <ClCompile Include="external\imgui\include\imgui_tables.cpp">
      <Filter>external\imgui</Filter>
    </ClCompile>
    <ClCompile Include="external\imgui\include\imgui_widgets.cpp">
      <Filter>external\imgui</Filter>
    </ClCompile>
  </ItemGroup>
</Project>