<?xml version="1.0" encoding="utf-8"?>
<Project ToolsVersion="4.0" xmlns="http://schemas.microsoft.com/developer/msbuild/2003">
  <ItemGroup>
    <Filter Include="ue">
      <UniqueIdentifier>{cba0e87a-7725-4fbc-852a-e49c67c0cf54}</UniqueIdentifier>
    </Filter>
    <Filter Include="settings">
      <UniqueIdentifier>{ade22a2e-c9d7-474f-85b4-d6ae11a5a684}</UniqueIdentifier>
    </Filter>
    <Filter Include="utils">
      <UniqueIdentifier>{fb1a82ea-1ead-4dab-bdb5-80ef90eb19c9}</UniqueIdentifier>
    </Filter>
    <Filter Include="menu">
      <UniqueIdentifier>{165791b0-7abe-4d0b-9a3a-f9c00f066876}</UniqueIdentifier>
    </Filter>
    <Filter Include="gui">
      <UniqueIdentifier>{83d0cb65-bdaa-4cf8-8428-b2dc7c056ea1}</UniqueIdentifier>
    </Filter>
    <Filter Include="hook">
      <UniqueIdentifier>{9801e037-7e0f-4372-ac26-114361471f3a}</UniqueIdentifier>
    </Filter>
    <Filter Include="hook\functions">
      <UniqueIdentifier>{8f847682-7656-4f88-946c-1f9d0c174975}</UniqueIdentifier>
    </Filter>
    <Filter Include="discord">
      <UniqueIdentifier>{f288a2eb-1b81-401e-a5b6-140931ba6bfb}</UniqueIdentifier>
    </Filter>
    <Filter Include="scripting">
      <UniqueIdentifier>{f2659618-d54d-4744-bfb0-d89f547fa5c7}</UniqueIdentifier>
    </Filter>
    <Filter Include="menu\sections">
      <UniqueIdentifier>{f4b49e8e-b3f4-4f17-9cc1-efdab6535cc7}</UniqueIdentifier>
    </Filter>
  </ItemGroup>
  <ItemGroup>
    <ClInclude Include="ue\Engine.h">
      <Filter>ue</Filter>
    </ClInclude>
    <ClInclude Include="ue\UObjects.h">
      <Filter>ue</Filter>
    </ClInclude>
    <ClInclude Include="settings\Settings.h">
      <Filter>settings</Filter>
    </ClInclude>
    <ClInclude Include="utils\Util.h">
      <Filter>utils</Filter>
    </ClInclude>
    <ClInclude Include="utils\Logger.h">
      <Filter>utils</Filter>
    </ClInclude>
    <ClInclude Include="menu\Menu.h">
      <Filter>menu</Filter>
    </ClInclude>
    <ClInclude Include="gui\ZeroGUI.h">
      <Filter>gui</Filter>
    </ClInclude>
    <ClInclude Include="gui\ZeroInput.h">
      <Filter>gui</Filter>
    </ClInclude>
    <ClInclude Include="hook\functions\PostRender.h">
      <Filter>hook\functions</Filter>
    </ClInclude>
    <ClInclude Include="hook\Hook.h">
      <Filter>hook</Filter>
    </ClInclude>
    <ClInclude Include="hook\Features.h">
      <Filter>hook</Filter>
    </ClInclude>
    <ClInclude Include="hook\functions\ProcessEvent.h">
      <Filter>hook\functions</Filter>
    </ClInclude>
    <ClInclude Include="discord\rpc.h">
      <Filter>discord</Filter>
    </ClInclude>
    <ClInclude Include="discord\handlers.h">
      <Filter>discord</Filter>
    </ClInclude>
    <ClInclude Include="scripting\Scripts.h">
      <Filter>scripting</Filter>
    </ClInclude>
    <ClInclude Include="menu\sections\Settings.h">
      <Filter>menu\sections</Filter>
    </ClInclude>
    <ClInclude Include="menu\sections\Misc.h">
      <Filter>menu\sections</Filter>
    </ClInclude>
    <ClInclude Include="menu\sections\Scripts.h">
      <Filter>menu\sections</Filter>
    </ClInclude>
    <ClInclude Include="menu\sections\Exploits.h">
      <Filter>menu\sections</Filter>
    </ClInclude>
    <ClInclude Include="menu\sections\Watermark.h">
      <Filter>menu\sections</Filter>
    </ClInclude>
  </ItemGroup>
  <ItemGroup>
    <ClCompile Include="ue\Engine.cpp">
      <Filter>ue</Filter>
    </ClCompile>
    <ClCompile Include="settings\Settings.cpp">
      <Filter>settings</Filter>
    </ClCompile>
    <ClCompile Include="utils\Util.cpp">
      <Filter>utils</Filter>
    </ClCompile>
    <ClCompile Include="dllmain.cpp" />
  </ItemGroup>
</Project>